
Microsoft Visual Studio Solution File, Format Version 11.00
# Visual Studio 2010
Project("{FAE04EC0-301F-11D3-BF4B-00C04F79EFBC}") = "Mirror", "Mirror.csproj", "{7a7eaa99-b385-ed5e-6294-a98d6a48289a}"
EndProject
Project("{FAE04EC0-301F-11D3-BF4B-00C04F79EFBC}") = "Mirror.Components", "Mirror.Components.csproj", "{36b08989-dc8e-afc5-2e94-a1b3d28bf2a4}"
EndProject
Project("{FAE04EC0-301F-11D3-BF4B-00C04F79EFBC}") = "SimpleWebTransport", "SimpleWebTransport.csproj", "{7e52c769-fc4d-e656-3aaf-b653ea831f55}"
EndProject
Project("{FAE04EC0-301F-11D3-BF4B-00C04F79EFBC}") = "Mirror.Examples", "Mirror.Examples.csproj", "{89de5113-4521-da68-f629-14b931a0e6ac}"
EndProject
Project("{FAE04EC0-301F-11D3-BF4B-00C04F79EFBC}") = "Assembly-CSharp", "Assembly-CSharp.csproj", "{5f7f59e9-c272-ef56-bf87-2ae19b01e666}"
EndProject
Project("{FAE04EC0-301F-11D3-BF4B-00C04F79EFBC}") = "kcp2k", "kcp2k.csproj", "{901a2912-bd98-7397-4a92-d7d1de5372ec}"
EndProject
Project("{FAE04EC0-301F-11D3-BF4B-00C04F79EFBC}") = "Telepathy", "Telepathy.csproj", "{4be40c78-7e3b-c33f-a1ee-5f30d585bf2f}"
EndProject
Project("{FAE04EC0-301F-11D3-BF4B-00C04F79EFBC}") = "Mirror.Authenticators", "Mirror.Authenticators.csproj", "{8f3a7610-aa93-e593-a495-bf59152337fa}"
EndProject
Project("{FAE04EC0-301F-11D3-BF4B-00C04F79EFBC}") = "where-allocations", "where-allocations.csproj", "{0b21f789-b07b-47ec-9d1f-3f7ab922a1ec}"
EndProject
Project("{FAE04EC0-301F-11D3-BF4B-00C04F79EFBC}") = "Unity.Mirror.CodeGen", "Unity.Mirror.CodeGen.csproj", "{dc53236c-92ca-b472-62cf-341d0e460734}"
EndProject
Project("{FAE04EC0-301F-11D3-BF4B-00C04F79EFBC}") = "Mirror.Editor", "Mirror.Editor.csproj", "{d1204530-3035-9bf1-7ca2-99e1a534ace6}"
EndProject
Project("{FAE04EC0-301F-11D3-BF4B-00C04F79EFBC}") = "Mirror.CompilerSymbols", "Mirror.CompilerSymbols.csproj", "{6a165b45-fae2-c0b7-9be0-afe1fa5ddb6a}"
EndProject
Global
	GlobalSection(SolutionConfigurationPlatforms) = preSolution
		Debug|Any CPU = Debug|Any CPU
	EndGlobalSection
	GlobalSection(ProjectConfigurationPlatforms) = postSolution
		{7a7eaa99-b385-ed5e-6294-a98d6a48289a}.Debug|Any CPU.ActiveCfg = Debug|Any CPU
		{7a7eaa99-b385-ed5e-6294-a98d6a48289a}.Debug|Any CPU.Build.0 = Debug|Any CPU
		{36b08989-dc8e-afc5-2e94-a1b3d28bf2a4}.Debug|Any CPU.ActiveCfg = Debug|Any CPU
		{36b08989-dc8e-afc5-2e94-a1b3d28bf2a4}.Debug|Any CPU.Build.0 = Debug|Any CPU
		{7e52c769-fc4d-e656-3aaf-b653ea831f55}.Debug|Any CPU.ActiveCfg = Debug|Any CPU
		{7e52c769-fc4d-e656-3aaf-b653ea831f55}.Debug|Any CPU.Build.0 = Debug|Any CPU
		{89de5113-4521-da68-f629-14b931a0e6ac}.Debug|Any CPU.ActiveCfg = Debug|Any CPU
		{89de5113-4521-da68-f629-14b931a0e6ac}.Debug|Any CPU.Build.0 = Debug|Any CPU
		{5f7f59e9-c272-ef56-bf87-2ae19b01e666}.Debug|Any CPU.ActiveCfg = Debug|Any CPU
		{5f7f59e9-c272-ef56-bf87-2ae19b01e666}.Debug|Any CPU.Build.0 = Debug|Any CPU
		{901a2912-bd98-7397-4a92-d7d1de5372ec}.Debug|Any CPU.ActiveCfg = Debug|Any CPU
		{901a2912-bd98-7397-4a92-d7d1de5372ec}.Debug|Any CPU.Build.0 = Debug|Any CPU
		{4be40c78-7e3b-c33f-a1ee-5f30d585bf2f}.Debug|Any CPU.ActiveCfg = Debug|Any CPU
		{4be40c78-7e3b-c33f-a1ee-5f30d585bf2f}.Debug|Any CPU.Build.0 = Debug|Any CPU
		{8f3a7610-aa93-e593-a495-bf59152337fa}.Debug|Any CPU.ActiveCfg = Debug|Any CPU
		{8f3a7610-aa93-e593-a495-bf59152337fa}.Debug|Any CPU.Build.0 = Debug|Any CPU
		{0b21f789-b07b-47ec-9d1f-3f7ab922a1ec}.Debug|Any CPU.ActiveCfg = Debug|Any CPU
		{0b21f789-b07b-47ec-9d1f-3f7ab922a1ec}.Debug|Any CPU.Build.0 = Debug|Any CPU
		{dc53236c-92ca-b472-62cf-341d0e460734}.Debug|Any CPU.ActiveCfg = Debug|Any CPU
		{dc53236c-92ca-b472-62cf-341d0e460734}.Debug|Any CPU.Build.0 = Debug|Any CPU
		{d1204530-3035-9bf1-7ca2-99e1a534ace6}.Debug|Any CPU.ActiveCfg = Debug|Any CPU
		{d1204530-3035-9bf1-7ca2-99e1a534ace6}.Debug|Any CPU.Build.0 = Debug|Any CPU
		{6a165b45-fae2-c0b7-9be0-afe1fa5ddb6a}.Debug|Any CPU.ActiveCfg = Debug|Any CPU
		{6a165b45-fae2-c0b7-9be0-afe1fa5ddb6a}.Debug|Any CPU.Build.0 = Debug|Any CPU
	EndGlobalSection
	GlobalSection(SolutionProperties) = preSolution
		HideSolutionNode = FALSE
	EndGlobalSection
EndGlobal
